
Microsoft Visual Studio Solution File, Format Version 12.00
# Visual Studio 2012
Project("{FAE04EC0-301F-11D3-BF4B-00C04F79EFBC}") = "Hjerpbakk.FermiContainer", "Hjerpbakk.FermiContainer\Hjerpbakk.FermiContainer.csproj", "{ACE01117-9222-4753-B952-69D4797D8841}"
EndProject
Project("{FAE04EC0-301F-11D3-BF4B-00C04F79EFBC}") = "TestHjerpbakk.FermiContainer", "TestHjerpbakk.FermiContainer\TestHjerpbakk.FermiContainer.csproj", "{9A05E050-3D3C-4682-A1A2-62AF4E760816}"
EndProject
Project("{FAE04EC0-301F-11D3-BF4B-00C04F79EFBC}") = "TestHjerpbakk.FermiContainer.iOS", "TestHjerpbakk.FermiContainer.iOS\TestHjerpbakk.FermiContainer.iOS.csproj", "{E0CE7F86-3906-4E86-8B5C-663165567133}"
EndProject
Global
	GlobalSection(SolutionConfigurationPlatforms) = preSolution
		Debug|Any CPU = Debug|Any CPU
		Release|Any CPU = Release|Any CPU
		Debug|iPhoneSimulator = Debug|iPhoneSimulator
		Release|iPhoneSimulator = Release|iPhoneSimulator
		Debug|iPhone = Debug|iPhone
		Release|iPhone = Release|iPhone
		Ad-Hoc|iPhone = Ad-Hoc|iPhone
		AppStore|iPhone = AppStore|iPhone
	EndGlobalSection
	GlobalSection(ProjectConfigurationPlatforms) = postSolution
		{9A05E050-3D3C-4682-A1A2-62AF4E760816}.Ad-Hoc|iPhone.ActiveCfg = Debug|Any CPU
		{9A05E050-3D3C-4682-A1A2-62AF4E760816}.Ad-Hoc|iPhone.Build.0 = Debug|Any CPU
		{9A05E050-3D3C-4682-A1A2-62AF4E760816}.AppStore|iPhone.ActiveCfg = Debug|Any CPU
		{9A05E050-3D3C-4682-A1A2-62AF4E760816}.AppStore|iPhone.Build.0 = Debug|Any CPU
		{9A05E050-3D3C-4682-A1A2-62AF4E760816}.Debug|Any CPU.ActiveCfg = Debug|Any CPU
		{9A05E050-3D3C-4682-A1A2-62AF4E760816}.Debug|Any CPU.Build.0 = Debug|Any CPU
		{9A05E050-3D3C-4682-A1A2-62AF4E760816}.Debug|iPhone.ActiveCfg = Debug|Any CPU
		{9A05E050-3D3C-4682-A1A2-62AF4E760816}.Debug|iPhone.Build.0 = Debug|Any CPU
		{9A05E050-3D3C-4682-A1A2-62AF4E760816}.Debug|iPhoneSimulator.ActiveCfg = Debug|Any CPU
		{9A05E050-3D3C-4682-A1A2-62AF4E760816}.Debug|iPhoneSimulator.Build.0 = Debug|Any CPU
		{9A05E050-3D3C-4682-A1A2-62AF4E760816}.Release|Any CPU.ActiveCfg = Release|Any CPU
		{9A05E050-3D3C-4682-A1A2-62AF4E760816}.Release|Any CPU.Build.0 = Release|Any CPU
		{9A05E050-3D3C-4682-A1A2-62AF4E760816}.Release|iPhone.ActiveCfg = Release|Any CPU
		{9A05E050-3D3C-4682-A1A2-62AF4E760816}.Release|iPhone.Build.0 = Release|Any CPU
		{9A05E050-3D3C-4682-A1A2-62AF4E760816}.Release|iPhoneSimulator.ActiveCfg = Release|Any CPU
		{9A05E050-3D3C-4682-A1A2-62AF4E760816}.Release|iPhoneSimulator.Build.0 = Release|Any CPU
		{ACE01117-9222-4753-B952-69D4797D8841}.Ad-Hoc|iPhone.ActiveCfg = Debug|Any CPU
		{ACE01117-9222-4753-B952-69D4797D8841}.Ad-Hoc|iPhone.Build.0 = Debug|Any CPU
		{ACE01117-9222-4753-B952-69D4797D8841}.AppStore|iPhone.ActiveCfg = Debug|Any CPU
		{ACE01117-9222-4753-B952-69D4797D8841}.AppStore|iPhone.Build.0 = Debug|Any CPU
		{ACE01117-9222-4753-B952-69D4797D8841}.Debug|Any CPU.ActiveCfg = Debug|Any CPU
		{ACE01117-9222-4753-B952-69D4797D8841}.Debug|Any CPU.Build.0 = Debug|Any CPU
		{ACE01117-9222-4753-B952-69D4797D8841}.Debug|iPhone.ActiveCfg = Debug|Any CPU
		{ACE01117-9222-4753-B952-69D4797D8841}.Debug|iPhone.Build.0 = Debug|Any CPU
		{ACE01117-9222-4753-B952-69D4797D8841}.Debug|iPhoneSimulator.ActiveCfg = Debug|Any CPU
		{ACE01117-9222-4753-B952-69D4797D8841}.Debug|iPhoneSimulator.Build.0 = Debug|Any CPU
		{ACE01117-9222-4753-B952-69D4797D8841}.Release|Any CPU.ActiveCfg = Release|Any CPU
		{ACE01117-9222-4753-B952-69D4797D8841}.Release|Any CPU.Build.0 = Release|Any CPU
		{ACE01117-9222-4753-B952-69D4797D8841}.Release|iPhone.ActiveCfg = Release|Any CPU
		{ACE01117-9222-4753-B952-69D4797D8841}.Release|iPhone.Build.0 = Release|Any CPU
		{ACE01117-9222-4753-B952-69D4797D8841}.Release|iPhoneSimulator.ActiveCfg = Release|Any CPU
		{ACE01117-9222-4753-B952-69D4797D8841}.Release|iPhoneSimulator.Build.0 = Release|Any CPU
		{E0CE7F86-3906-4E86-8B5C-663165567133}.Ad-Hoc|iPhone.ActiveCfg = Ad-Hoc|iPhone
		{E0CE7F86-3906-4E86-8B5C-663165567133}.Ad-Hoc|iPhone.Build.0 = Ad-Hoc|iPhone
		{E0CE7F86-3906-4E86-8B5C-663165567133}.AppStore|iPhone.ActiveCfg = AppStore|iPhone
		{E0CE7F86-3906-4E86-8B5C-663165567133}.AppStore|iPhone.Build.0 = AppStore|iPhone
		{E0CE7F86-3906-4E86-8B5C-663165567133}.Debug|Any CPU.ActiveCfg = Debug|iPhoneSimulator
		{E0CE7F86-3906-4E86-8B5C-663165567133}.Debug|Any CPU.Build.0 = Debug|iPhoneSimulator
		{E0CE7F86-3906-4E86-8B5C-663165567133}.Debug|iPhone.ActiveCfg = Debug|iPhone
		{E0CE7F86-3906-4E86-8B5C-663165567133}.Debug|iPhone.Build.0 = Debug|iPhone
		{E0CE7F86-3906-4E86-8B5C-663165567133}.Debug|iPhoneSimulator.ActiveCfg = Debug|iPhoneSimulator
		{E0CE7F86-3906-4E86-8B5C-663165567133}.Debug|iPhoneSimulator.Build.0 = Debug|iPhoneSimulator
		{E0CE7F86-3906-4E86-8B5C-663165567133}.Release|Any CPU.ActiveCfg = Release|iPhoneSimulator
		{E0CE7F86-3906-4E86-8B5C-663165567133}.Release|Any CPU.Build.0 = Release|iPhoneSimulator
		{E0CE7F86-3906-4E86-8B5C-663165567133}.Release|iPhone.ActiveCfg = Release|iPhone
		{E0CE7F86-3906-4E86-8B5C-663165567133}.Release|iPhone.Build.0 = Release|iPhone
		{E0CE7F86-3906-4E86-8B5C-663165567133}.Release|iPhoneSimulator.ActiveCfg = Release|iPhoneSimulator
		{E0CE7F86-3906-4E86-8B5C-663165567133}.Release|iPhoneSimulator.Build.0 = Release|iPhoneSimulator
	EndGlobalSection
	GlobalSection(MonoDevelopProperties) = preSolution
		StartupItem = Hjerpbakk.FermiContainer\Hjerpbakk.FermiContainer.csproj
		description = FermiContainer supports the registration of interfaces and implementing classes. Through constructor injection, the dependencies known to the container are automatically resolved. No attributes or XML configuration are needed. This is simplicity at its best and FermiContainer is truly a C# IoC container for the rest of us.
		version = 1.1
	EndGlobalSection
EndGlobal
